
Microsoft Visual Studio Solution File, Format Version 12.00
Project("{FAE04EC0-301F-11D3-BF4B-00C04F79EFBC}") = "TestApp", "TestApp\TestApp.csproj", "{E7E87A4A-02F1-4C9C-9CAD-ADED921E2966}"
EndProject
Global
	GlobalSection(SolutionConfigurationPlatforms) = preSolution
		Debug|Any CPU = Debug|Any CPU
		Release|Any CPU = Release|Any CPU
	EndGlobalSection
	GlobalSection(ProjectConfigurationPlatforms) = postSolution
		{E7E87A4A-02F1-4C9C-9CAD-ADED921E2966}.Debug|Any CPU.ActiveCfg = Debug|Any CPU
		{E7E87A4A-02F1-4C9C-9CAD-ADED921E2966}.Debug|Any CPU.Build.0 = Debug|Any CPU
		{E7E87A4A-02F1-4C9C-9CAD-ADED921E2966}.Release|Any CPU.ActiveCfg = Release|Any CPU
		{E7E87A4A-02F1-4C9C-9CAD-ADED921E2966}.Release|Any CPU.Build.0 = Release|Any CPU
	EndGlobalSection
EndGlobal
